
Microsoft Visual Studio Solution File, Format Version 12.00
# Visual Studio 14
VisualStudioVersion = 14.0.25420.1
MinimumVisualStudioVersion = 10.0.40219.1
Project("{FAE04EC0-301F-11D3-BF4B-00C04F79EFBC}") = "WPFVsCode", "WPFVsCode\WPFVsCode.csproj", "{3C2EA037-6825-412A-8CE2-D499DD000EC5}"
EndProject
Project("{FAE04EC0-301F-11D3-BF4B-00C04F79EFBC}") = "WPFVsCode_Demo", "WPFVsCode_Demo\WPFVsCode_Demo.csproj", "{A851A106-0374-4F4D-886E-403642211389}"
EndProject
Global
	GlobalSection(SolutionConfigurationPlatforms) = preSolution
		Debug|Any CPU = Debug|Any CPU
		Release|Any CPU = Release|Any CPU
	EndGlobalSection
	GlobalSection(ProjectConfigurationPlatforms) = postSolution
		{3C2EA037-6825-412A-8CE2-D499DD000EC5}.Debug|Any CPU.ActiveCfg = Debug|Any CPU
		{3C2EA037-6825-412A-8CE2-D499DD000EC5}.Debug|Any CPU.Build.0 = Debug|Any CPU
		{3C2EA037-6825-412A-8CE2-D499DD000EC5}.Release|Any CPU.ActiveCfg = Release|Any CPU
		{3C2EA037-6825-412A-8CE2-D499DD000EC5}.Release|Any CPU.Build.0 = Release|Any CPU
		{A851A106-0374-4F4D-886E-403642211389}.Debug|Any CPU.ActiveCfg = Debug|Any CPU
		{A851A106-0374-4F4D-886E-403642211389}.Debug|Any CPU.Build.0 = Debug|Any CPU
		{A851A106-0374-4F4D-886E-403642211389}.Release|Any CPU.ActiveCfg = Release|Any CPU
		{A851A106-0374-4F4D-886E-403642211389}.Release|Any CPU.Build.0 = Release|Any CPU
	EndGlobalSection
	GlobalSection(SolutionProperties) = preSolution
		HideSolutionNode = FALSE
	EndGlobalSection
EndGlobal
